
Microsoft Visual Studio Solution File, Format Version 12.00
# Visual Studio Version 16
VisualStudioVersion = 16.0.32510.428
MinimumVisualStudioVersion = 10.0.40219.1
Project("{FAE04EC0-301F-11D3-BF4B-00C04F79EFBC}") = "E_CommerceStore", "E_CommerceStore.csproj", "{12D7CA63-BB8E-4C48-BF88-92064ED71482}"
EndProject
Global
	GlobalSection(SolutionConfigurationPlatforms) = preSolution
		Debug|Any CPU = Debug|Any CPU
		Release|Any CPU = Release|Any CPU
	EndGlobalSection
	GlobalSection(ProjectConfigurationPlatforms) = postSolution
		{12D7CA63-BB8E-4C48-BF88-92064ED71482}.Debug|Any CPU.ActiveCfg = Debug|Any CPU
		{12D7CA63-BB8E-4C48-BF88-92064ED71482}.Debug|Any CPU.Build.0 = Debug|Any CPU
		{12D7CA63-BB8E-4C48-BF88-92064ED71482}.Release|Any CPU.ActiveCfg = Release|Any CPU
		{12D7CA63-BB8E-4C48-BF88-92064ED71482}.Release|Any CPU.Build.0 = Release|Any CPU
	EndGlobalSection
	GlobalSection(SolutionProperties) = preSolution
		HideSolutionNode = FALSE
	EndGlobalSection
	GlobalSection(ExtensibilityGlobals) = postSolution
		SolutionGuid = {67556C7B-5544-443A-B791-1068EC8CF5FD}
	EndGlobalSection
EndGlobal
